<?xml version="1.0" encoding="utf-8"?>
<Project ToolsVersion="16.0" xmlns="http://schemas.microsoft.com/developer/msbuild/2003">
  <ItemGroup>
    <CustomBuild Include="I:\RPL\mbed-benchtest\build-msvc\CMakeFiles\097fd8a9e3d4add97fd54a6b8ebfc3b9\generate.stamp.rule">
      <Filter>CMake Rules</Filter>
    </CustomBuild>
  </ItemGroup>
  <ItemGroup>
    <Filter Include="CMake Rules">
      <UniqueIdentifier>{9644BBAE-180A-3404-ADC4-7CE3FD00D6A7}</UniqueIdentifier>
    </Filter>
  </ItemGroup>
</Project>
